
Microsoft Visual Studio Solution File, Format Version 12.00
# Visual Studio Version 17
VisualStudioVersion = 17.14.36616.10 d17.14
MinimumVisualStudioVersion = 10.0.40219.1
Project("{FAE04EC0-301F-11D3-BF4B-00C04F79EFBC}") = "Advanced Calculator", "Advanced Calculator\Advanced Calculator.csproj", "{B2BA7EBE-09AC-4DEC-B10E-A68B0ECA02B2}"
EndProject
Global
	GlobalSection(SolutionConfigurationPlatforms) = preSolution
		Debug|Any CPU = Debug|Any CPU
		Release|Any CPU = Release|Any CPU
	EndGlobalSection
	GlobalSection(ProjectConfigurationPlatforms) = postSolution
		{B2BA7EBE-09AC-4DEC-B10E-A68B0ECA02B2}.Debug|Any CPU.ActiveCfg = Debug|Any CPU
		{B2BA7EBE-09AC-4DEC-B10E-A68B0ECA02B2}.Debug|Any CPU.Build.0 = Debug|Any CPU
		{B2BA7EBE-09AC-4DEC-B10E-A68B0ECA02B2}.Release|Any CPU.ActiveCfg = Release|Any CPU
		{B2BA7EBE-09AC-4DEC-B10E-A68B0ECA02B2}.Release|Any CPU.Build.0 = Release|Any CPU
	EndGlobalSection
	GlobalSection(SolutionProperties) = preSolution
		HideSolutionNode = FALSE
	EndGlobalSection
	GlobalSection(ExtensibilityGlobals) = postSolution
		SolutionGuid = {1DAB3667-F699-40EE-B466-2657F8D76952}
	EndGlobalSection
EndGlobal
